// !$*UTF8*$!
{
	archiveVersion = 1;
	classes = {
	};
	objectVersion = 77;
	objects = {

/* Begin PBXBuildFile section */
		7867EFF42D6B6CBD00A459CE /* WidgetKit.framework in Frameworks */ = {isa = PBXBuildFile; fileRef = 78B025AD2D354F0B00E70B4C /* WidgetKit.framework */; };
		7867EFF52D6B6CBD00A459CE /* SwiftUI.framework in Frameworks */ = {isa = PBXBuildFile; fileRef = 78B025AF2D354F0B00E70B4C /* SwiftUI.framework */; };
		7867F0042D6B6CBF00A459CE /* HabitsWidgetExtension.appex in Embed Foundation Extensions */ = {isa = PBXBuildFile; fileRef = 7867EFF32D6B6CBD00A459CE /* HabitsWidgetExtension.appex */; settings = {ATTRIBUTES = (RemoveHeadersOnCopy, ); }; };
		7871CFA32D35995A005FFE4E /* SharedModels in Frameworks */ = {isa = PBXBuildFile; productRef = 7871CFA22D35995A005FFE4E /* SharedModels */; };
		7871CFA62D3599B4005FFE4E /* SharedModels in Frameworks */ = {isa = PBXBuildFile; productRef = 7871CFA52D3599B4005FFE4E /* SharedModels */; };
		78B025AE2D354F0B00E70B4C /* WidgetKit.framework in Frameworks */ = {isa = PBXBuildFile; fileRef = 78B025AD2D354F0B00E70B4C /* WidgetKit.framework */; };
		78B025B02D354F0B00E70B4C /* SwiftUI.framework in Frameworks */ = {isa = PBXBuildFile; fileRef = 78B025AF2D354F0B00E70B4C /* SwiftUI.framework */; };
		78B025BF2D354F0C00E70B4C /* YearWidgetExtension.appex in Embed Foundation Extensions */ = {isa = PBXBuildFile; fileRef = 78B025AB2D354F0B00E70B4C /* YearWidgetExtension.appex */; settings = {ATTRIBUTES = (RemoveHeadersOnCopy, ); }; };
		78BCBD7E2D366AB20075CEC0 /* WidgetKit.framework in Frameworks */ = {isa = PBXBuildFile; fileRef = 78B025AD2D354F0B00E70B4C /* WidgetKit.framework */; };
		78BCBD7F2D366AB20075CEC0 /* SwiftUI.framework in Frameworks */ = {isa = PBXBuildFile; fileRef = 78B025AF2D354F0B00E70B4C /* SwiftUI.framework */; };
		78BCBD8E2D366AB40075CEC0 /* YearEvaluationWidgetExtension.appex in Embed Foundation Extensions */ = {isa = PBXBuildFile; fileRef = 78BCBD7D2D366AB20075CEC0 /* YearEvaluationWidgetExtension.appex */; settings = {ATTRIBUTES = (RemoveHeadersOnCopy, ); }; };
		78BCBD962D366E780075CEC0 /* SharedModels in Frameworks */ = {isa = PBXBuildFile; productRef = 78BCBD952D366E780075CEC0 /* SharedModels */; };
		78BCBDEF2D36EE090075CEC0 /* RevenueCat in Frameworks */ = {isa = PBXBuildFile; productRef = 78BCBDEE2D36EE090075CEC0 /* RevenueCat */; };
		78BCBDF12D36EE090075CEC0 /* RevenueCatUI in Frameworks */ = {isa = PBXBuildFile; productRef = 78BCBDF02D36EE090075CEC0 /* RevenueCatUI */; };
		78FAADA52D71EAAE0093A704 /* SharedModels in Frameworks */ = {isa = PBXBuildFile; productRef = 78FAADA42D71EAAE0093A704 /* SharedModels */; };
/* End PBXBuildFile section */

/* Begin PBXContainerItemProxy section */
		7867F0022D6B6CBF00A459CE /* PBXContainerItemProxy */ = {
			isa = PBXContainerItemProxy;
			containerPortal = 78B0255F2D35424100E70B4C /* Project object */;
			proxyType = 1;
			remoteGlobalIDString = 7867EFF22D6B6CBD00A459CE;
			remoteInfo = HabitsWidgetExtension;
		};
		78B0257C2D35424300E70B4C /* PBXContainerItemProxy */ = {
			isa = PBXContainerItemProxy;
			containerPortal = 78B0255F2D35424100E70B4C /* Project object */;
			proxyType = 1;
			remoteGlobalIDString = 78B025662D35424100E70B4C;
			remoteInfo = "My Year";
		};
		78B025862D35424300E70B4C /* PBXContainerItemProxy */ = {
			isa = PBXContainerItemProxy;
			containerPortal = 78B0255F2D35424100E70B4C /* Project object */;
			proxyType = 1;
			remoteGlobalIDString = 78B025662D35424100E70B4C;
			remoteInfo = "My Year";
		};
		78B025BD2D354F0C00E70B4C /* PBXContainerItemProxy */ = {
			isa = PBXContainerItemProxy;
			containerPortal = 78B0255F2D35424100E70B4C /* Project object */;
			proxyType = 1;
			remoteGlobalIDString = 78B025AA2D354F0B00E70B4C;
			remoteInfo = YearWidgetExtension;
		};
		78BCBD8C2D366AB40075CEC0 /* PBXContainerItemProxy */ = {
			isa = PBXContainerItemProxy;
			containerPortal = 78B0255F2D35424100E70B4C /* Project object */;
			proxyType = 1;
			remoteGlobalIDString = 78BCBD7C2D366AB20075CEC0;
			remoteInfo = YearEvaluationWidgetExtension;
		};
/* End PBXContainerItemProxy section */

/* Begin PBXCopyFilesBuildPhase section */
		78B025C42D354F0C00E70B4C /* Embed Foundation Extensions */ = {
			isa = PBXCopyFilesBuildPhase;
			buildActionMask = 2147483647;
			dstPath = "";
			dstSubfolderSpec = 13;
			files = (
				78B025BF2D354F0C00E70B4C /* YearWidgetExtension.appex in Embed Foundation Extensions */,
				78BCBD8E2D366AB40075CEC0 /* YearEvaluationWidgetExtension.appex in Embed Foundation Extensions */,
				7867F0042D6B6CBF00A459CE /* HabitsWidgetExtension.appex in Embed Foundation Extensions */,
			);
			name = "Embed Foundation Extensions";
			runOnlyForDeploymentPostprocessing = 0;
		};
/* End PBXCopyFilesBuildPhase section */

/* Begin PBXFileReference section */
		7867EFF32D6B6CBD00A459CE /* HabitsWidgetExtension.appex */ = {isa = PBXFileReference; explicitFileType = "wrapper.app-extension"; includeInIndex = 0; path = HabitsWidgetExtension.appex; sourceTree = BUILT_PRODUCTS_DIR; };
		7867F0092D6B6D7C00A459CE /* HabitsWidgetExtension.entitlements */ = {isa = PBXFileReference; lastKnownFileType = text.plist.entitlements; path = HabitsWidgetExtension.entitlements; sourceTree = "<group>"; };
		7871CFA72D35C009005FFE4E /* YearWidgetExtension.entitlements */ = {isa = PBXFileReference; lastKnownFileType = text.plist.entitlements; path = YearWidgetExtension.entitlements; sourceTree = "<group>"; };
		78B025672D35424100E70B4C /* My Year.app */ = {isa = PBXFileReference; explicitFileType = wrapper.application; includeInIndex = 0; path = "My Year.app"; sourceTree = BUILT_PRODUCTS_DIR; };
		78B0257B2D35424300E70B4C /* My YearTests.xctest */ = {isa = PBXFileReference; explicitFileType = wrapper.cfbundle; includeInIndex = 0; path = "My YearTests.xctest"; sourceTree = BUILT_PRODUCTS_DIR; };
		78B025852D35424300E70B4C /* My YearUITests.xctest */ = {isa = PBXFileReference; explicitFileType = wrapper.cfbundle; includeInIndex = 0; path = "My YearUITests.xctest"; sourceTree = BUILT_PRODUCTS_DIR; };
		78B025AB2D354F0B00E70B4C /* YearWidgetExtension.appex */ = {isa = PBXFileReference; explicitFileType = "wrapper.app-extension"; includeInIndex = 0; path = YearWidgetExtension.appex; sourceTree = BUILT_PRODUCTS_DIR; };
		78B025AD2D354F0B00E70B4C /* WidgetKit.framework */ = {isa = PBXFileReference; lastKnownFileType = wrapper.framework; name = WidgetKit.framework; path = System/Library/Frameworks/WidgetKit.framework; sourceTree = SDKROOT; };
		78B025AF2D354F0B00E70B4C /* SwiftUI.framework */ = {isa = PBXFileReference; lastKnownFileType = wrapper.framework; name = SwiftUI.framework; path = System/Library/Frameworks/SwiftUI.framework; sourceTree = SDKROOT; };
		78BCBD7D2D366AB20075CEC0 /* YearEvaluationWidgetExtension.appex */ = {isa = PBXFileReference; explicitFileType = "wrapper.app-extension"; includeInIndex = 0; path = YearEvaluationWidgetExtension.appex; sourceTree = BUILT_PRODUCTS_DIR; };
		78BCBD932D366DA50075CEC0 /* YearEvaluationWidgetExtension.entitlements */ = {isa = PBXFileReference; lastKnownFileType = text.plist.entitlements; path = YearEvaluationWidgetExtension.entitlements; sourceTree = "<group>"; };
/* End PBXFileReference section */

/* Begin PBXFileSystemSynchronizedBuildFileExceptionSet section */
		7867F0082D6B6CBF00A459CE /* Exceptions for "HabitsWidget" folder in "HabitsWidgetExtension" target */ = {
			isa = PBXFileSystemSynchronizedBuildFileExceptionSet;
			membershipExceptions = (
				Info.plist,
			);
			target = 7867EFF22D6B6CBD00A459CE /* HabitsWidgetExtension */;
		};
		78B0258D2D35424300E70B4C /* Exceptions for "My Year" folder in "My Year" target */ = {
			isa = PBXFileSystemSynchronizedBuildFileExceptionSet;
			membershipExceptions = (
				Info.plist,
			);
			target = 78B025662D35424100E70B4C /* My Year */;
		};
		78B025C32D354F0C00E70B4C /* Exceptions for "YearWidget" folder in "YearWidgetExtension" target */ = {
			isa = PBXFileSystemSynchronizedBuildFileExceptionSet;
			membershipExceptions = (
				Info.plist,
			);
			target = 78B025AA2D354F0B00E70B4C /* YearWidgetExtension */;
		};
		78BCBD922D366AB40075CEC0 /* Exceptions for "YearEvaluationWidget" folder in "YearEvaluationWidgetExtension" target */ = {
			isa = PBXFileSystemSynchronizedBuildFileExceptionSet;
			membershipExceptions = (
				Info.plist,
			);
			target = 78BCBD7C2D366AB20075CEC0 /* YearEvaluationWidgetExtension */;
		};
		78FAADA72D72288B0093A704 /* Exceptions for "My Year" folder in "HabitsWidgetExtension" target */ = {
			isa = PBXFileSystemSynchronizedBuildFileExceptionSet;
			membershipExceptions = (
				Assets.xcassets,
				Utils/Date.swift,
			);
			target = 7867EFF22D6B6CBD00A459CE /* HabitsWidgetExtension */;
		};
/* End PBXFileSystemSynchronizedBuildFileExceptionSet section */

/* Begin PBXFileSystemSynchronizedRootGroup section */
		7867EFF62D6B6CBD00A459CE /* HabitsWidget */ = {
			isa = PBXFileSystemSynchronizedRootGroup;
			exceptions = (
				7867F0082D6B6CBF00A459CE /* Exceptions for "HabitsWidget" folder in "HabitsWidgetExtension" target */,
			);
			path = HabitsWidget;
			sourceTree = "<group>";
		};
		78B025692D35424100E70B4C /* My Year */ = {
			isa = PBXFileSystemSynchronizedRootGroup;
			exceptions = (
				78B0258D2D35424300E70B4C /* Exceptions for "My Year" folder in "My Year" target */,
				78FAADA72D72288B0093A704 /* Exceptions for "My Year" folder in "HabitsWidgetExtension" target */,
			);
			path = "My Year";
			sourceTree = "<group>";
		};
		78B0257E2D35424300E70B4C /* My YearTests */ = {
			isa = PBXFileSystemSynchronizedRootGroup;
			path = "My YearTests";
			sourceTree = "<group>";
		};
		78B025882D35424300E70B4C /* My YearUITests */ = {
			isa = PBXFileSystemSynchronizedRootGroup;
			path = "My YearUITests";
			sourceTree = "<group>";
		};
		78B025B12D354F0B00E70B4C /* YearWidget */ = {
			isa = PBXFileSystemSynchronizedRootGroup;
			exceptions = (
				78B025C32D354F0C00E70B4C /* Exceptions for "YearWidget" folder in "YearWidgetExtension" target */,
			);
			path = YearWidget;
			sourceTree = "<group>";
		};
		78BCBD802D366AB20075CEC0 /* YearEvaluationWidget */ = {
			isa = PBXFileSystemSynchronizedRootGroup;
			exceptions = (
				78BCBD922D366AB40075CEC0 /* Exceptions for "YearEvaluationWidget" folder in "YearEvaluationWidgetExtension" target */,
			);
			path = YearEvaluationWidget;
			sourceTree = "<group>";
		};
/* End PBXFileSystemSynchronizedRootGroup section */

/* Begin PBXFrameworksBuildPhase section */
		7867EFF02D6B6CBD00A459CE /* Frameworks */ = {
			isa = PBXFrameworksBuildPhase;
			buildActionMask = 2147483647;
			files = (
				7867EFF52D6B6CBD00A459CE /* SwiftUI.framework in Frameworks */,
				78FAADA52D71EAAE0093A704 /* SharedModels in Frameworks */,
				7867EFF42D6B6CBD00A459CE /* WidgetKit.framework in Frameworks */,
			);
			runOnlyForDeploymentPostprocessing = 0;
		};
		78B025642D35424100E70B4C /* Frameworks */ = {
			isa = PBXFrameworksBuildPhase;
			buildActionMask = 2147483647;
			files = (
				78BCBDEF2D36EE090075CEC0 /* RevenueCat in Frameworks */,
				7871CFA32D35995A005FFE4E /* SharedModels in Frameworks */,
				78BCBDF12D36EE090075CEC0 /* RevenueCatUI in Frameworks */,
			);
			runOnlyForDeploymentPostprocessing = 0;
		};
		78B025782D35424300E70B4C /* Frameworks */ = {
			isa = PBXFrameworksBuildPhase;
			buildActionMask = 2147483647;
			files = (
			);
			runOnlyForDeploymentPostprocessing = 0;
		};
		78B025822D35424300E70B4C /* Frameworks */ = {
			isa = PBXFrameworksBuildPhase;
			buildActionMask = 2147483647;
			files = (
			);
			runOnlyForDeploymentPostprocessing = 0;
		};
		78B025A82D354F0B00E70B4C /* Frameworks */ = {
			isa = PBXFrameworksBuildPhase;
			buildActionMask = 2147483647;
			files = (
				78B025B02D354F0B00E70B4C /* SwiftUI.framework in Frameworks */,
				7871CFA62D3599B4005FFE4E /* SharedModels in Frameworks */,
				78B025AE2D354F0B00E70B4C /* WidgetKit.framework in Frameworks */,
			);
			runOnlyForDeploymentPostprocessing = 0;
		};
		78BCBD7A2D366AB20075CEC0 /* Frameworks */ = {
			isa = PBXFrameworksBuildPhase;
			buildActionMask = 2147483647;
			files = (
				78BCBD7F2D366AB20075CEC0 /* SwiftUI.framework in Frameworks */,
				78BCBD962D366E780075CEC0 /* SharedModels in Frameworks */,
				78BCBD7E2D366AB20075CEC0 /* WidgetKit.framework in Frameworks */,
			);
			runOnlyForDeploymentPostprocessing = 0;
		};
/* End PBXFrameworksBuildPhase section */

/* Begin PBXGroup section */
		78B0255E2D35424100E70B4C = {
			isa = PBXGroup;
			children = (
				7867F0092D6B6D7C00A459CE /* HabitsWidgetExtension.entitlements */,
				78BCBD932D366DA50075CEC0 /* YearEvaluationWidgetExtension.entitlements */,
				7871CFA72D35C009005FFE4E /* YearWidgetExtension.entitlements */,
				78B025692D35424100E70B4C /* My Year */,
				78B0257E2D35424300E70B4C /* My YearTests */,
				78B025882D35424300E70B4C /* My YearUITests */,
				78B025B12D354F0B00E70B4C /* YearWidget */,
				78BCBD802D366AB20075CEC0 /* YearEvaluationWidget */,
				7867EFF62D6B6CBD00A459CE /* HabitsWidget */,
				78B025AC2D354F0B00E70B4C /* Frameworks */,
				78B025682D35424100E70B4C /* Products */,
			);
			sourceTree = "<group>";
		};
		78B025682D35424100E70B4C /* Products */ = {
			isa = PBXGroup;
			children = (
				78B025672D35424100E70B4C /* My Year.app */,
				78B0257B2D35424300E70B4C /* My YearTests.xctest */,
				78B025852D35424300E70B4C /* My YearUITests.xctest */,
				78B025AB2D354F0B00E70B4C /* YearWidgetExtension.appex */,
				78BCBD7D2D366AB20075CEC0 /* YearEvaluationWidgetExtension.appex */,
				7867EFF32D6B6CBD00A459CE /* HabitsWidgetExtension.appex */,
			);
			name = Products;
			sourceTree = "<group>";
		};
		78B025AC2D354F0B00E70B4C /* Frameworks */ = {
			isa = PBXGroup;
			children = (
				78B025AD2D354F0B00E70B4C /* WidgetKit.framework */,
				78B025AF2D354F0B00E70B4C /* SwiftUI.framework */,
			);
			name = Frameworks;
			sourceTree = "<group>";
		};
/* End PBXGroup section */

/* Begin PBXNativeTarget section */
		7867EFF22D6B6CBD00A459CE /* HabitsWidgetExtension */ = {
			isa = PBXNativeTarget;
			buildConfigurationList = 7867F0052D6B6CBF00A459CE /* Build configuration list for PBXNativeTarget "HabitsWidgetExtension" */;
			buildPhases = (
				7867EFEF2D6B6CBD00A459CE /* Sources */,
				7867EFF02D6B6CBD00A459CE /* Frameworks */,
				7867EFF12D6B6CBD00A459CE /* Resources */,
			);
			buildRules = (
			);
			dependencies = (
			);
			fileSystemSynchronizedGroups = (
				7867EFF62D6B6CBD00A459CE /* HabitsWidget */,
			);
			name = HabitsWidgetExtension;
			packageProductDependencies = (
				78FAADA42D71EAAE0093A704 /* SharedModels */,
			);
			productName = HabitsWidgetExtension;
			productReference = 7867EFF32D6B6CBD00A459CE /* HabitsWidgetExtension.appex */;
			productType = "com.apple.product-type.app-extension";
		};
		78B025662D35424100E70B4C /* My Year */ = {
			isa = PBXNativeTarget;
			buildConfigurationList = 78B0258E2D35424300E70B4C /* Build configuration list for PBXNativeTarget "My Year" */;
			buildPhases = (
				78B025632D35424100E70B4C /* Sources */,
				78B025642D35424100E70B4C /* Frameworks */,
				78B025652D35424100E70B4C /* Resources */,
				78B025C42D354F0C00E70B4C /* Embed Foundation Extensions */,
			);
			buildRules = (
			);
			dependencies = (
				78B025BE2D354F0C00E70B4C /* PBXTargetDependency */,
				78BCBD8D2D366AB40075CEC0 /* PBXTargetDependency */,
				7867F0032D6B6CBF00A459CE /* PBXTargetDependency */,
			);
			fileSystemSynchronizedGroups = (
				78B025692D35424100E70B4C /* My Year */,
			);
			name = "My Year";
			packageProductDependencies = (
				7871CFA22D35995A005FFE4E /* SharedModels */,
				78BCBDEE2D36EE090075CEC0 /* RevenueCat */,
				78BCBDF02D36EE090075CEC0 /* RevenueCatUI */,
			);
			productName = "My Year";
			productReference = 78B025672D35424100E70B4C /* My Year.app */;
			productType = "com.apple.product-type.application";
		};
		78B0257A2D35424300E70B4C /* My YearTests */ = {
			isa = PBXNativeTarget;
			buildConfigurationList = 78B025932D35424300E70B4C /* Build configuration list for PBXNativeTarget "My YearTests" */;
			buildPhases = (
				78B025772D35424300E70B4C /* Sources */,
				78B025782D35424300E70B4C /* Frameworks */,
				78B025792D35424300E70B4C /* Resources */,
			);
			buildRules = (
			);
			dependencies = (
				78B0257D2D35424300E70B4C /* PBXTargetDependency */,
			);
			fileSystemSynchronizedGroups = (
				78B0257E2D35424300E70B4C /* My YearTests */,
			);
			name = "My YearTests";
			packageProductDependencies = (
			);
			productName = "My YearTests";
			productReference = 78B0257B2D35424300E70B4C /* My YearTests.xctest */;
			productType = "com.apple.product-type.bundle.unit-test";
		};
		78B025842D35424300E70B4C /* My YearUITests */ = {
			isa = PBXNativeTarget;
			buildConfigurationList = 78B025962D35424300E70B4C /* Build configuration list for PBXNativeTarget "My YearUITests" */;
			buildPhases = (
				78B025812D35424300E70B4C /* Sources */,
				78B025822D35424300E70B4C /* Frameworks */,
				78B025832D35424300E70B4C /* Resources */,
			);
			buildRules = (
			);
			dependencies = (
				78B025872D35424300E70B4C /* PBXTargetDependency */,
			);
			fileSystemSynchronizedGroups = (
				78B025882D35424300E70B4C /* My YearUITests */,
			);
			name = "My YearUITests";
			packageProductDependencies = (
			);
			productName = "My YearUITests";
			productReference = 78B025852D35424300E70B4C /* My YearUITests.xctest */;
			productType = "com.apple.product-type.bundle.ui-testing";
		};
		78B025AA2D354F0B00E70B4C /* YearWidgetExtension */ = {
			isa = PBXNativeTarget;
			buildConfigurationList = 78B025C02D354F0C00E70B4C /* Build configuration list for PBXNativeTarget "YearWidgetExtension" */;
			buildPhases = (
				78B025A72D354F0B00E70B4C /* Sources */,
				78B025A82D354F0B00E70B4C /* Frameworks */,
				78B025A92D354F0B00E70B4C /* Resources */,
			);
			buildRules = (
			);
			dependencies = (
			);
			fileSystemSynchronizedGroups = (
				78B025B12D354F0B00E70B4C /* YearWidget */,
			);
			name = YearWidgetExtension;
			packageProductDependencies = (
				7871CFA52D3599B4005FFE4E /* SharedModels */,
			);
			productName = YearWidgetExtension;
			productReference = 78B025AB2D354F0B00E70B4C /* YearWidgetExtension.appex */;
			productType = "com.apple.product-type.app-extension";
		};
		78BCBD7C2D366AB20075CEC0 /* YearEvaluationWidgetExtension */ = {
			isa = PBXNativeTarget;
			buildConfigurationList = 78BCBD8F2D366AB40075CEC0 /* Build configuration list for PBXNativeTarget "YearEvaluationWidgetExtension" */;
			buildPhases = (
				78BCBD792D366AB20075CEC0 /* Sources */,
				78BCBD7A2D366AB20075CEC0 /* Frameworks */,
				78BCBD7B2D366AB20075CEC0 /* Resources */,
			);
			buildRules = (
			);
			dependencies = (
			);
			fileSystemSynchronizedGroups = (
				78BCBD802D366AB20075CEC0 /* YearEvaluationWidget */,
			);
			name = YearEvaluationWidgetExtension;
			packageProductDependencies = (
				78BCBD952D366E780075CEC0 /* SharedModels */,
			);
			productName = YearEvaluationWidgetExtension;
			productReference = 78BCBD7D2D366AB20075CEC0 /* YearEvaluationWidgetExtension.appex */;
			productType = "com.apple.product-type.app-extension";
		};
/* End PBXNativeTarget section */

/* Begin PBXProject section */
		78B0255F2D35424100E70B4C /* Project object */ = {
			isa = PBXProject;
			attributes = {
				BuildIndependentTargetsInParallel = 1;
				LastSwiftUpdateCheck = 1620;
				LastUpgradeCheck = 1620;
				TargetAttributes = {
					7867EFF22D6B6CBD00A459CE = {
						CreatedOnToolsVersion = 16.2;
					};
					78B025662D35424100E70B4C = {
						CreatedOnToolsVersion = 16.2;
					};
					78B0257A2D35424300E70B4C = {
						CreatedOnToolsVersion = 16.2;
						TestTargetID = 78B025662D35424100E70B4C;
					};
					78B025842D35424300E70B4C = {
						CreatedOnToolsVersion = 16.2;
						TestTargetID = 78B025662D35424100E70B4C;
					};
					78B025AA2D354F0B00E70B4C = {
						CreatedOnToolsVersion = 16.2;
					};
					78BCBD7C2D366AB20075CEC0 = {
						CreatedOnToolsVersion = 16.2;
					};
				};
			};
			buildConfigurationList = 78B025622D35424100E70B4C /* Build configuration list for PBXProject "My Year" */;
			developmentRegion = en;
			hasScannedForEncodings = 0;
			knownRegions = (
				en,
				Base,
			);
			mainGroup = 78B0255E2D35424100E70B4C;
			minimizedProjectReferenceProxies = 1;
			packageReferences = (
				78BCBD942D366E780075CEC0 /* XCLocalSwiftPackageReference "SharedModels" */,
				78BCBDED2D36EE090075CEC0 /* XCRemoteSwiftPackageReference "purchases-ios-spm" */,
			);
			preferredProjectObjectVersion = 77;
			productRefGroup = 78B025682D35424100E70B4C /* Products */;
			projectDirPath = "";
			projectRoot = "";
			targets = (
				78B025662D35424100E70B4C /* My Year */,
				78B0257A2D35424300E70B4C /* My YearTests */,
				78B025842D35424300E70B4C /* My YearUITests */,
				78B025AA2D354F0B00E70B4C /* YearWidgetExtension */,
				78BCBD7C2D366AB20075CEC0 /* YearEvaluationWidgetExtension */,
				7867EFF22D6B6CBD00A459CE /* HabitsWidgetExtension */,
			);
		};
/* End PBXProject section */

/* Begin PBXResourcesBuildPhase section */
		7867EFF12D6B6CBD00A459CE /* Resources */ = {
			isa = PBXResourcesBuildPhase;
			buildActionMask = 2147483647;
			files = (
			);
			runOnlyForDeploymentPostprocessing = 0;
		};
		78B025652D35424100E70B4C /* Resources */ = {
			isa = PBXResourcesBuildPhase;
			buildActionMask = 2147483647;
			files = (
			);
			runOnlyForDeploymentPostprocessing = 0;
		};
		78B025792D35424300E70B4C /* Resources */ = {
			isa = PBXResourcesBuildPhase;
			buildActionMask = 2147483647;
			files = (
			);
			runOnlyForDeploymentPostprocessing = 0;
		};
		78B025832D35424300E70B4C /* Resources */ = {
			isa = PBXResourcesBuildPhase;
			buildActionMask = 2147483647;
			files = (
			);
			runOnlyForDeploymentPostprocessing = 0;
		};
		78B025A92D354F0B00E70B4C /* Resources */ = {
			isa = PBXResourcesBuildPhase;
			buildActionMask = 2147483647;
			files = (
			);
			runOnlyForDeploymentPostprocessing = 0;
		};
		78BCBD7B2D366AB20075CEC0 /* Resources */ = {
			isa = PBXResourcesBuildPhase;
			buildActionMask = 2147483647;
			files = (
			);
			runOnlyForDeploymentPostprocessing = 0;
		};
/* End PBXResourcesBuildPhase section */

/* Begin PBXSourcesBuildPhase section */
		7867EFEF2D6B6CBD00A459CE /* Sources */ = {
			isa = PBXSourcesBuildPhase;
			buildActionMask = 2147483647;
			files = (
			);
			runOnlyForDeploymentPostprocessing = 0;
		};
		78B025632D35424100E70B4C /* Sources */ = {
			isa = PBXSourcesBuildPhase;
			buildActionMask = 2147483647;
			files = (
			);
			runOnlyForDeploymentPostprocessing = 0;
		};
		78B025772D35424300E70B4C /* Sources */ = {
			isa = PBXSourcesBuildPhase;
			buildActionMask = 2147483647;
			files = (
			);
			runOnlyForDeploymentPostprocessing = 0;
		};
		78B025812D35424300E70B4C /* Sources */ = {
			isa = PBXSourcesBuildPhase;
			buildActionMask = 2147483647;
			files = (
			);
			runOnlyForDeploymentPostprocessing = 0;
		};
		78B025A72D354F0B00E70B4C /* Sources */ = {
			isa = PBXSourcesBuildPhase;
			buildActionMask = 2147483647;
			files = (
			);
			runOnlyForDeploymentPostprocessing = 0;
		};
		78BCBD792D366AB20075CEC0 /* Sources */ = {
			isa = PBXSourcesBuildPhase;
			buildActionMask = 2147483647;
			files = (
			);
			runOnlyForDeploymentPostprocessing = 0;
		};
/* End PBXSourcesBuildPhase section */

/* Begin PBXTargetDependency section */
		7867F0032D6B6CBF00A459CE /* PBXTargetDependency */ = {
			isa = PBXTargetDependency;
			target = 7867EFF22D6B6CBD00A459CE /* HabitsWidgetExtension */;
			targetProxy = 7867F0022D6B6CBF00A459CE /* PBXContainerItemProxy */;
		};
		78B0257D2D35424300E70B4C /* PBXTargetDependency */ = {
			isa = PBXTargetDependency;
			target = 78B025662D35424100E70B4C /* My Year */;
			targetProxy = 78B0257C2D35424300E70B4C /* PBXContainerItemProxy */;
		};
		78B025872D35424300E70B4C /* PBXTargetDependency */ = {
			isa = PBXTargetDependency;
			target = 78B025662D35424100E70B4C /* My Year */;
			targetProxy = 78B025862D35424300E70B4C /* PBXContainerItemProxy */;
		};
		78B025BE2D354F0C00E70B4C /* PBXTargetDependency */ = {
			isa = PBXTargetDependency;
			target = 78B025AA2D354F0B00E70B4C /* YearWidgetExtension */;
			targetProxy = 78B025BD2D354F0C00E70B4C /* PBXContainerItemProxy */;
		};
		78BCBD8D2D366AB40075CEC0 /* PBXTargetDependency */ = {
			isa = PBXTargetDependency;
			target = 78BCBD7C2D366AB20075CEC0 /* YearEvaluationWidgetExtension */;
			targetProxy = 78BCBD8C2D366AB40075CEC0 /* PBXContainerItemProxy */;
		};
/* End PBXTargetDependency section */

/* Begin XCBuildConfiguration section */
		7867F0062D6B6CBF00A459CE /* Debug */ = {
			isa = XCBuildConfiguration;
			buildSettings = {
				ASSETCATALOG_COMPILER_GLOBAL_ACCENT_COLOR_NAME = AccentColor;
				ASSETCATALOG_COMPILER_WIDGET_BACKGROUND_COLOR_NAME = WidgetBackground;
				CODE_SIGN_ENTITLEMENTS = HabitsWidgetExtension.entitlements;
				CODE_SIGN_STYLE = Automatic;
				CURRENT_PROJECT_VERSION = 1;
				DEVELOPMENT_TEAM = 9G3JW3N8UH;
				GENERATE_INFOPLIST_FILE = YES;
				INFOPLIST_FILE = HabitsWidget/Info.plist;
				INFOPLIST_KEY_CFBundleDisplayName = HabitsWidget;
				INFOPLIST_KEY_NSHumanReadableCopyright = "";
				IPHONEOS_DEPLOYMENT_TARGET = 18.0;
				LD_RUNPATH_SEARCH_PATHS = (
					"$(inherited)",
					"@executable_path/Frameworks",
					"@executable_path/../../Frameworks",
				);
				MARKETING_VERSION = 1.4;
				PRODUCT_BUNDLE_IDENTIFIER = "sargon17.My-Year.HabitsWidget";
				PRODUCT_NAME = "$(TARGET_NAME)";
				SKIP_INSTALL = YES;
				SWIFT_EMIT_LOC_STRINGS = YES;
				SWIFT_VERSION = 5.0;
				TARGETED_DEVICE_FAMILY = "1,2";
			};
			name = Debug;
		};
		7867F0072D6B6CBF00A459CE /* Release */ = {
			isa = XCBuildConfiguration;
			buildSettings = {
				ASSETCATALOG_COMPILER_GLOBAL_ACCENT_COLOR_NAME = AccentColor;
				ASSETCATALOG_COMPILER_WIDGET_BACKGROUND_COLOR_NAME = WidgetBackground;
				CODE_SIGN_ENTITLEMENTS = HabitsWidgetExtension.entitlements;
				CODE_SIGN_STYLE = Automatic;
				CURRENT_PROJECT_VERSION = 1;
				DEVELOPMENT_TEAM = 9G3JW3N8UH;
				GENERATE_INFOPLIST_FILE = YES;
				INFOPLIST_FILE = HabitsWidget/Info.plist;
				INFOPLIST_KEY_CFBundleDisplayName = HabitsWidget;
				INFOPLIST_KEY_NSHumanReadableCopyright = "";
				IPHONEOS_DEPLOYMENT_TARGET = 18.0;
				LD_RUNPATH_SEARCH_PATHS = (
					"$(inherited)",
					"@executable_path/Frameworks",
					"@executable_path/../../Frameworks",
				);
				MARKETING_VERSION = 1.4;
				PRODUCT_BUNDLE_IDENTIFIER = "sargon17.My-Year.HabitsWidget";
				PRODUCT_NAME = "$(TARGET_NAME)";
				SKIP_INSTALL = YES;
				SWIFT_EMIT_LOC_STRINGS = YES;
				SWIFT_VERSION = 5.0;
				TARGETED_DEVICE_FAMILY = "1,2";
			};
			name = Release;
		};
		78B0258F2D35424300E70B4C /* Debug */ = {
			isa = XCBuildConfiguration;
			buildSettings = {
				ASSETCATALOG_COMPILER_APPICON_NAME = AppIcon;
				ASSETCATALOG_COMPILER_GLOBAL_ACCENT_COLOR_NAME = AccentColor;
				CODE_SIGN_ENTITLEMENTS = "My Year/My_Year.entitlements";
				CODE_SIGN_STYLE = Automatic;
				CURRENT_PROJECT_VERSION = 1;
				DEVELOPMENT_ASSET_PATHS = "\"My Year/Preview Content\"";
				DEVELOPMENT_TEAM = 9G3JW3N8UH;
				ENABLE_PREVIEWS = YES;
				GENERATE_INFOPLIST_FILE = YES;
				INFOPLIST_FILE = "My Year/Info.plist";
				INFOPLIST_KEY_CFBundleDisplayName = Yearlit;
				INFOPLIST_KEY_UIApplicationSceneManifest_Generation = YES;
				INFOPLIST_KEY_UIApplicationSupportsIndirectInputEvents = YES;
				INFOPLIST_KEY_UILaunchScreen_Generation = YES;
				INFOPLIST_KEY_UISupportedInterfaceOrientations_iPad = "UIInterfaceOrientationPortrait UIInterfaceOrientationPortraitUpsideDown UIInterfaceOrientationLandscapeLeft UIInterfaceOrientationLandscapeRight";
				INFOPLIST_KEY_UISupportedInterfaceOrientations_iPhone = "UIInterfaceOrientationPortrait UIInterfaceOrientationLandscapeLeft UIInterfaceOrientationLandscapeRight";
				IPHONEOS_DEPLOYMENT_TARGET = 18.0;
				LD_RUNPATH_SEARCH_PATHS = (
					"$(inherited)",
					"@executable_path/Frameworks",
				);
				MARKETING_VERSION = 1.4;
				PRODUCT_BUNDLE_IDENTIFIER = "sargon17.My-Year";
				PRODUCT_NAME = "$(TARGET_NAME)";
				SWIFT_EMIT_LOC_STRINGS = YES;
				SWIFT_VERSION = 5.0;
				TARGETED_DEVICE_FAMILY = "1,2";
			};
			name = Debug;
		};
		78B025902D35424300E70B4C /* Release */ = {
			isa = XCBuildConfiguration;
			buildSettings = {
				ASSETCATALOG_COMPILER_APPICON_NAME = AppIcon;
				ASSETCATALOG_COMPILER_GLOBAL_ACCENT_COLOR_NAME = AccentColor;
				CODE_SIGN_ENTITLEMENTS = "My Year/My_Year.entitlements";
				CODE_SIGN_STYLE = Automatic;
				CURRENT_PROJECT_VERSION = 1;
				DEVELOPMENT_ASSET_PATHS = "\"My Year/Preview Content\"";
				DEVELOPMENT_TEAM = 9G3JW3N8UH;
				ENABLE_PREVIEWS = YES;
				GENERATE_INFOPLIST_FILE = YES;
				INFOPLIST_FILE = "My Year/Info.plist";
				INFOPLIST_KEY_CFBundleDisplayName = Yearlit;
				INFOPLIST_KEY_UIApplicationSceneManifest_Generation = YES;
				INFOPLIST_KEY_UIApplicationSupportsIndirectInputEvents = YES;
				INFOPLIST_KEY_UILaunchScreen_Generation = YES;
				INFOPLIST_KEY_UISupportedInterfaceOrientations_iPad = "UIInterfaceOrientationPortrait UIInterfaceOrientationPortraitUpsideDown UIInterfaceOrientationLandscapeLeft UIInterfaceOrientationLandscapeRight";
				INFOPLIST_KEY_UISupportedInterfaceOrientations_iPhone = "UIInterfaceOrientationPortrait UIInterfaceOrientationLandscapeLeft UIInterfaceOrientationLandscapeRight";
				IPHONEOS_DEPLOYMENT_TARGET = 18.0;
				LD_RUNPATH_SEARCH_PATHS = (
					"$(inherited)",
					"@executable_path/Frameworks",
				);
				MARKETING_VERSION = 1.4;
				PRODUCT_BUNDLE_IDENTIFIER = "sargon17.My-Year";
				PRODUCT_NAME = "$(TARGET_NAME)";
				SWIFT_EMIT_LOC_STRINGS = YES;
				SWIFT_VERSION = 5.0;
				TARGETED_DEVICE_FAMILY = "1,2";
			};
			name = Release;
		};
		78B025912D35424300E70B4C /* Debug */ = {
			isa = XCBuildConfiguration;
			buildSettings = {
				ALWAYS_SEARCH_USER_PATHS = NO;
				ASSETCATALOG_COMPILER_GENERATE_SWIFT_ASSET_SYMBOL_EXTENSIONS = YES;
				CLANG_ANALYZER_NONNULL = YES;
				CLANG_ANALYZER_NUMBER_OBJECT_CONVERSION = YES_AGGRESSIVE;
				CLANG_CXX_LANGUAGE_STANDARD = "gnu++20";
				CLANG_ENABLE_MODULES = YES;
				CLANG_ENABLE_OBJC_ARC = YES;
				CLANG_ENABLE_OBJC_WEAK = YES;
				CLANG_WARN_BLOCK_CAPTURE_AUTORELEASING = YES;
				CLANG_WARN_BOOL_CONVERSION = YES;
				CLANG_WARN_COMMA = YES;
				CLANG_WARN_CONSTANT_CONVERSION = YES;
				CLANG_WARN_DEPRECATED_OBJC_IMPLEMENTATIONS = YES;
				CLANG_WARN_DIRECT_OBJC_ISA_USAGE = YES_ERROR;
				CLANG_WARN_DOCUMENTATION_COMMENTS = YES;
				CLANG_WARN_EMPTY_BODY = YES;
				CLANG_WARN_ENUM_CONVERSION = YES;
				CLANG_WARN_INFINITE_RECURSION = YES;
				CLANG_WARN_INT_CONVERSION = YES;
				CLANG_WARN_NON_LITERAL_NULL_CONVERSION = YES;
				CLANG_WARN_OBJC_IMPLICIT_RETAIN_SELF = YES;
				CLANG_WARN_OBJC_LITERAL_CONVERSION = YES;
				CLANG_WARN_OBJC_ROOT_CLASS = YES_ERROR;
				CLANG_WARN_QUOTED_INCLUDE_IN_FRAMEWORK_HEADER = YES;
				CLANG_WARN_RANGE_LOOP_ANALYSIS = YES;
				CLANG_WARN_STRICT_PROTOTYPES = YES;
				CLANG_WARN_SUSPICIOUS_MOVE = YES;
				CLANG_WARN_UNGUARDED_AVAILABILITY = YES_AGGRESSIVE;
				CLANG_WARN_UNREACHABLE_CODE = YES;
				CLANG_WARN__DUPLICATE_METHOD_MATCH = YES;
				COPY_PHASE_STRIP = NO;
				DEBUG_INFORMATION_FORMAT = dwarf;
				ENABLE_STRICT_OBJC_MSGSEND = YES;
				ENABLE_TESTABILITY = YES;
				ENABLE_USER_SCRIPT_SANDBOXING = YES;
				GCC_C_LANGUAGE_STANDARD = gnu17;
				GCC_DYNAMIC_NO_PIC = NO;
				GCC_NO_COMMON_BLOCKS = YES;
				GCC_OPTIMIZATION_LEVEL = 0;
				GCC_PREPROCESSOR_DEFINITIONS = (
					"DEBUG=1",
					"$(inherited)",
				);
				GCC_WARN_64_TO_32_BIT_CONVERSION = YES;
				GCC_WARN_ABOUT_RETURN_TYPE = YES_ERROR;
				GCC_WARN_UNDECLARED_SELECTOR = YES;
				GCC_WARN_UNINITIALIZED_AUTOS = YES_AGGRESSIVE;
				GCC_WARN_UNUSED_FUNCTION = YES;
				GCC_WARN_UNUSED_VARIABLE = YES;
				IPHONEOS_DEPLOYMENT_TARGET = 18.2;
				LOCALIZATION_PREFERS_STRING_CATALOGS = YES;
				MTL_ENABLE_DEBUG_INFO = INCLUDE_SOURCE;
				MTL_FAST_MATH = YES;
				ONLY_ACTIVE_ARCH = YES;
				SDKROOT = iphoneos;
				SWIFT_ACTIVE_COMPILATION_CONDITIONS = "DEBUG $(inherited)";
				SWIFT_EMIT_LOC_STRINGS = YES;
				SWIFT_OPTIMIZATION_LEVEL = "-Onone";
			};
			name = Debug;
		};
		78B025922D35424300E70B4C /* Release */ = {
			isa = XCBuildConfiguration;
			buildSettings = {
				ALWAYS_SEARCH_USER_PATHS = NO;
				ASSETCATALOG_COMPILER_GENERATE_SWIFT_ASSET_SYMBOL_EXTENSIONS = YES;
				CLANG_ANALYZER_NONNULL = YES;
				CLANG_ANALYZER_NUMBER_OBJECT_CONVERSION = YES_AGGRESSIVE;
				CLANG_CXX_LANGUAGE_STANDARD = "gnu++20";
				CLANG_ENABLE_MODULES = YES;
				CLANG_ENABLE_OBJC_ARC = YES;
				CLANG_ENABLE_OBJC_WEAK = YES;
				CLANG_WARN_BLOCK_CAPTURE_AUTORELEASING = YES;
				CLANG_WARN_BOOL_CONVERSION = YES;
				CLANG_WARN_COMMA = YES;
				CLANG_WARN_CONSTANT_CONVERSION = YES;
				CLANG_WARN_DEPRECATED_OBJC_IMPLEMENTATIONS = YES;
				CLANG_WARN_DIRECT_OBJC_ISA_USAGE = YES_ERROR;
				CLANG_WARN_DOCUMENTATION_COMMENTS = YES;
				CLANG_WARN_EMPTY_BODY = YES;
				CLANG_WARN_ENUM_CONVERSION = YES;
				CLANG_WARN_INFINITE_RECURSION = YES;
				CLANG_WARN_INT_CONVERSION = YES;
				CLANG_WARN_NON_LITERAL_NULL_CONVERSION = YES;
				CLANG_WARN_OBJC_IMPLICIT_RETAIN_SELF = YES;
				CLANG_WARN_OBJC_LITERAL_CONVERSION = YES;
				CLANG_WARN_OBJC_ROOT_CLASS = YES_ERROR;
				CLANG_WARN_QUOTED_INCLUDE_IN_FRAMEWORK_HEADER = YES;
				CLANG_WARN_RANGE_LOOP_ANALYSIS = YES;
				CLANG_WARN_STRICT_PROTOTYPES = YES;
				CLANG_WARN_SUSPICIOUS_MOVE = YES;
				CLANG_WARN_UNGUARDED_AVAILABILITY = YES_AGGRESSIVE;
				CLANG_WARN_UNREACHABLE_CODE = YES;
				CLANG_WARN__DUPLICATE_METHOD_MATCH = YES;
				COPY_PHASE_STRIP = NO;
				DEBUG_INFORMATION_FORMAT = "dwarf-with-dsym";
				ENABLE_NS_ASSERTIONS = NO;
				ENABLE_STRICT_OBJC_MSGSEND = YES;
				ENABLE_USER_SCRIPT_SANDBOXING = YES;
				GCC_C_LANGUAGE_STANDARD = gnu17;
				GCC_NO_COMMON_BLOCKS = YES;
				GCC_WARN_64_TO_32_BIT_CONVERSION = YES;
				GCC_WARN_ABOUT_RETURN_TYPE = YES_ERROR;
				GCC_WARN_UNDECLARED_SELECTOR = YES;
				GCC_WARN_UNINITIALIZED_AUTOS = YES_AGGRESSIVE;
				GCC_WARN_UNUSED_FUNCTION = YES;
				GCC_WARN_UNUSED_VARIABLE = YES;
				IPHONEOS_DEPLOYMENT_TARGET = 18.2;
				LOCALIZATION_PREFERS_STRING_CATALOGS = YES;
				MTL_ENABLE_DEBUG_INFO = NO;
				MTL_FAST_MATH = YES;
				SDKROOT = iphoneos;
				SWIFT_COMPILATION_MODE = wholemodule;
				SWIFT_EMIT_LOC_STRINGS = YES;
				VALIDATE_PRODUCT = YES;
			};
			name = Release;
		};
		78B025942D35424300E70B4C /* Debug */ = {
			isa = XCBuildConfiguration;
			buildSettings = {
				BUNDLE_LOADER = "$(TEST_HOST)";
				CODE_SIGN_STYLE = Automatic;
				CURRENT_PROJECT_VERSION = 1;
				DEVELOPMENT_TEAM = 9G3JW3N8UH;
				GENERATE_INFOPLIST_FILE = YES;
				IPHONEOS_DEPLOYMENT_TARGET = 18.2;
				MARKETING_VERSION = 1.0;
				PRODUCT_BUNDLE_IDENTIFIER = "sargon17.My-YearTests";
				PRODUCT_NAME = "$(TARGET_NAME)";
				SWIFT_EMIT_LOC_STRINGS = NO;
				SWIFT_VERSION = 5.0;
				TARGETED_DEVICE_FAMILY = "1,2";
				TEST_HOST = "$(BUILT_PRODUCTS_DIR)/My Year.app/$(BUNDLE_EXECUTABLE_FOLDER_PATH)/My Year";
			};
			name = Debug;
		};
		78B025952D35424300E70B4C /* Release */ = {
			isa = XCBuildConfiguration;
			buildSettings = {
				BUNDLE_LOADER = "$(TEST_HOST)";
				CODE_SIGN_STYLE = Automatic;
				CURRENT_PROJECT_VERSION = 1;
				DEVELOPMENT_TEAM = 9G3JW3N8UH;
				GENERATE_INFOPLIST_FILE = YES;
				IPHONEOS_DEPLOYMENT_TARGET = 18.2;
				MARKETING_VERSION = 1.0;
				PRODUCT_BUNDLE_IDENTIFIER = "sargon17.My-YearTests";
				PRODUCT_NAME = "$(TARGET_NAME)";
				SWIFT_EMIT_LOC_STRINGS = NO;
				SWIFT_VERSION = 5.0;
				TARGETED_DEVICE_FAMILY = "1,2";
				TEST_HOST = "$(BUILT_PRODUCTS_DIR)/My Year.app/$(BUNDLE_EXECUTABLE_FOLDER_PATH)/My Year";
			};
			name = Release;
		};
		78B025972D35424300E70B4C /* Debug */ = {
			isa = XCBuildConfiguration;
			buildSettings = {
				CODE_SIGN_STYLE = Automatic;
				CURRENT_PROJECT_VERSION = 1;
				DEVELOPMENT_TEAM = 9G3JW3N8UH;
				GENERATE_INFOPLIST_FILE = YES;
				MARKETING_VERSION = 1.0;
				PRODUCT_BUNDLE_IDENTIFIER = "sargon17.My-YearUITests";
				PRODUCT_NAME = "$(TARGET_NAME)";
				SWIFT_EMIT_LOC_STRINGS = NO;
				SWIFT_VERSION = 5.0;
				TARGETED_DEVICE_FAMILY = "1,2";
				TEST_TARGET_NAME = "My Year";
			};
			name = Debug;
		};
		78B025982D35424300E70B4C /* Release */ = {
			isa = XCBuildConfiguration;
			buildSettings = {
				CODE_SIGN_STYLE = Automatic;
				CURRENT_PROJECT_VERSION = 1;
				DEVELOPMENT_TEAM = 9G3JW3N8UH;
				GENERATE_INFOPLIST_FILE = YES;
				MARKETING_VERSION = 1.0;
				PRODUCT_BUNDLE_IDENTIFIER = "sargon17.My-YearUITests";
				PRODUCT_NAME = "$(TARGET_NAME)";
				SWIFT_EMIT_LOC_STRINGS = NO;
				SWIFT_VERSION = 5.0;
				TARGETED_DEVICE_FAMILY = "1,2";
				TEST_TARGET_NAME = "My Year";
			};
			name = Release;
		};
		78B025C12D354F0C00E70B4C /* Debug */ = {
			isa = XCBuildConfiguration;
			buildSettings = {
				ASSETCATALOG_COMPILER_GLOBAL_ACCENT_COLOR_NAME = AccentColor;
				ASSETCATALOG_COMPILER_WIDGET_BACKGROUND_COLOR_NAME = WidgetBackground;
				CODE_SIGN_ENTITLEMENTS = YearWidgetExtension.entitlements;
				CODE_SIGN_STYLE = Automatic;
				CURRENT_PROJECT_VERSION = 1;
				DEVELOPMENT_TEAM = 9G3JW3N8UH;
				GENERATE_INFOPLIST_FILE = YES;
				INFOPLIST_FILE = YearWidget/Info.plist;
				INFOPLIST_KEY_CFBundleDisplayName = YearWidget;
				INFOPLIST_KEY_NSHumanReadableCopyright = "";
				IPHONEOS_DEPLOYMENT_TARGET = 18.0;
				LD_RUNPATH_SEARCH_PATHS = (
					"$(inherited)",
					"@executable_path/Frameworks",
					"@executable_path/../../Frameworks",
				);
				MARKETING_VERSION = 1.3;
				PRODUCT_BUNDLE_IDENTIFIER = "sargon17.My-Year.YearWidget";
				PRODUCT_NAME = "$(TARGET_NAME)";
				SKIP_INSTALL = YES;
				SWIFT_EMIT_LOC_STRINGS = YES;
				SWIFT_VERSION = 5.0;
				TARGETED_DEVICE_FAMILY = "1,2";
			};
			name = Debug;
		};
		78B025C22D354F0C00E70B4C /* Release */ = {
			isa = XCBuildConfiguration;
			buildSettings = {
				ASSETCATALOG_COMPILER_GLOBAL_ACCENT_COLOR_NAME = AccentColor;
				ASSETCATALOG_COMPILER_WIDGET_BACKGROUND_COLOR_NAME = WidgetBackground;
				CODE_SIGN_ENTITLEMENTS = YearWidgetExtension.entitlements;
				CODE_SIGN_STYLE = Automatic;
				CURRENT_PROJECT_VERSION = 1;
				DEVELOPMENT_TEAM = 9G3JW3N8UH;
				GENERATE_INFOPLIST_FILE = YES;
				INFOPLIST_FILE = YearWidget/Info.plist;
				INFOPLIST_KEY_CFBundleDisplayName = YearWidget;
				INFOPLIST_KEY_NSHumanReadableCopyright = "";
				IPHONEOS_DEPLOYMENT_TARGET = 18.0;
				LD_RUNPATH_SEARCH_PATHS = (
					"$(inherited)",
					"@executable_path/Frameworks",
					"@executable_path/../../Frameworks",
				);
				MARKETING_VERSION = 1.3;
				PRODUCT_BUNDLE_IDENTIFIER = "sargon17.My-Year.YearWidget";
				PRODUCT_NAME = "$(TARGET_NAME)";
				SKIP_INSTALL = YES;
				SWIFT_EMIT_LOC_STRINGS = YES;
				SWIFT_VERSION = 5.0;
				TARGETED_DEVICE_FAMILY = "1,2";
			};
			name = Release;
		};
		78BCBD902D366AB40075CEC0 /* Debug */ = {
			isa = XCBuildConfiguration;
			buildSettings = {
				ASSETCATALOG_COMPILER_GLOBAL_ACCENT_COLOR_NAME = AccentColor;
				ASSETCATALOG_COMPILER_WIDGET_BACKGROUND_COLOR_NAME = WidgetBackground;
				CODE_SIGN_ENTITLEMENTS = YearEvaluationWidgetExtension.entitlements;
				CODE_SIGN_STYLE = Automatic;
				CURRENT_PROJECT_VERSION = 1;
				DEVELOPMENT_TEAM = 9G3JW3N8UH;
				GENERATE_INFOPLIST_FILE = YES;
				INFOPLIST_FILE = YearEvaluationWidget/Info.plist;
				INFOPLIST_KEY_CFBundleDisplayName = YearEvaluationWidget;
				INFOPLIST_KEY_NSHumanReadableCopyright = "";
				IPHONEOS_DEPLOYMENT_TARGET = 18.0;
				LD_RUNPATH_SEARCH_PATHS = (
					"$(inherited)",
					"@executable_path/Frameworks",
					"@executable_path/../../Frameworks",
				);
				MARKETING_VERSION = 1.3;
				PRODUCT_BUNDLE_IDENTIFIER = "sargon17.My-Year.YearEvaluationWidget";
				PRODUCT_NAME = "$(TARGET_NAME)";
				SKIP_INSTALL = YES;
				SWIFT_EMIT_LOC_STRINGS = YES;
				SWIFT_VERSION = 5.0;
				TARGETED_DEVICE_FAMILY = "1,2";
			};
			name = Debug;
		};
		78BCBD912D366AB40075CEC0 /* Release */ = {
			isa = XCBuildConfiguration;
			buildSettings = {
				ASSETCATALOG_COMPILER_GLOBAL_ACCENT_COLOR_NAME = AccentColor;
				ASSETCATALOG_COMPILER_WIDGET_BACKGROUND_COLOR_NAME = WidgetBackground;
				CODE_SIGN_ENTITLEMENTS = YearEvaluationWidgetExtension.entitlements;
				CODE_SIGN_STYLE = Automatic;
				CURRENT_PROJECT_VERSION = 1;
				DEVELOPMENT_TEAM = 9G3JW3N8UH;
				GENERATE_INFOPLIST_FILE = YES;
				INFOPLIST_FILE = YearEvaluationWidget/Info.plist;
				INFOPLIST_KEY_CFBundleDisplayName = YearEvaluationWidget;
				INFOPLIST_KEY_NSHumanReadableCopyright = "";
				IPHONEOS_DEPLOYMENT_TARGET = 18.0;
				LD_RUNPATH_SEARCH_PATHS = (
					"$(inherited)",
					"@executable_path/Frameworks",
					"@executable_path/../../Frameworks",
				);
				MARKETING_VERSION = 1.3;
				PRODUCT_BUNDLE_IDENTIFIER = "sargon17.My-Year.YearEvaluationWidget";
				PRODUCT_NAME = "$(TARGET_NAME)";
				SKIP_INSTALL = YES;
				SWIFT_EMIT_LOC_STRINGS = YES;
				SWIFT_VERSION = 5.0;
				TARGETED_DEVICE_FAMILY = "1,2";
			};
			name = Release;
		};
/* End XCBuildConfiguration section */

/* Begin XCConfigurationList section */
		7867F0052D6B6CBF00A459CE /* Build configuration list for PBXNativeTarget "HabitsWidgetExtension" */ = {
			isa = XCConfigurationList;
			buildConfigurations = (
				7867F0062D6B6CBF00A459CE /* Debug */,
				7867F0072D6B6CBF00A459CE /* Release */,
			);
			defaultConfigurationIsVisible = 0;
			defaultConfigurationName = Release;
		};
		78B025622D35424100E70B4C /* Build configuration list for PBXProject "My Year" */ = {
			isa = XCConfigurationList;
			buildConfigurations = (
				78B025912D35424300E70B4C /* Debug */,
				78B025922D35424300E70B4C /* Release */,
			);
			defaultConfigurationIsVisible = 0;
			defaultConfigurationName = Release;
		};
		78B0258E2D35424300E70B4C /* Build configuration list for PBXNativeTarget "My Year" */ = {
			isa = XCConfigurationList;
			buildConfigurations = (
				78B0258F2D35424300E70B4C /* Debug */,
				78B025902D35424300E70B4C /* Release */,
			);
			defaultConfigurationIsVisible = 0;
			defaultConfigurationName = Release;
		};
		78B025932D35424300E70B4C /* Build configuration list for PBXNativeTarget "My YearTests" */ = {
			isa = XCConfigurationList;
			buildConfigurations = (
				78B025942D35424300E70B4C /* Debug */,
				78B025952D35424300E70B4C /* Release */,
			);
			defaultConfigurationIsVisible = 0;
			defaultConfigurationName = Release;
		};
		78B025962D35424300E70B4C /* Build configuration list for PBXNativeTarget "My YearUITests" */ = {
			isa = XCConfigurationList;
			buildConfigurations = (
				78B025972D35424300E70B4C /* Debug */,
				78B025982D35424300E70B4C /* Release */,
			);
			defaultConfigurationIsVisible = 0;
			defaultConfigurationName = Release;
		};
		78B025C02D354F0C00E70B4C /* Build configuration list for PBXNativeTarget "YearWidgetExtension" */ = {
			isa = XCConfigurationList;
			buildConfigurations = (
				78B025C12D354F0C00E70B4C /* Debug */,
				78B025C22D354F0C00E70B4C /* Release */,
			);
			defaultConfigurationIsVisible = 0;
			defaultConfigurationName = Release;
		};
		78BCBD8F2D366AB40075CEC0 /* Build configuration list for PBXNativeTarget "YearEvaluationWidgetExtension" */ = {
			isa = XCConfigurationList;
			buildConfigurations = (
				78BCBD902D366AB40075CEC0 /* Debug */,
				78BCBD912D366AB40075CEC0 /* Release */,
			);
			defaultConfigurationIsVisible = 0;
			defaultConfigurationName = Release;
		};
/* End XCConfigurationList section */

/* Begin XCLocalSwiftPackageReference section */
		78BCBD942D366E780075CEC0 /* XCLocalSwiftPackageReference "SharedModels" */ = {
			isa = XCLocalSwiftPackageReference;
			relativePath = SharedModels;
		};
/* End XCLocalSwiftPackageReference section */

/* Begin XCRemoteSwiftPackageReference section */
		78BCBDED2D36EE090075CEC0 /* XCRemoteSwiftPackageReference "purchases-ios-spm" */ = {
			isa = XCRemoteSwiftPackageReference;
			repositoryURL = "https://github.com/RevenueCat/purchases-ios-spm.git";
			requirement = {
				kind = upToNextMajorVersion;
				minimumVersion = 5.14.6;
			};
		};
/* End XCRemoteSwiftPackageReference section */

/* Begin XCSwiftPackageProductDependency section */
		7871CFA22D35995A005FFE4E /* SharedModels */ = {
			isa = XCSwiftPackageProductDependency;
			productName = SharedModels;
		};
		7871CFA52D3599B4005FFE4E /* SharedModels */ = {
			isa = XCSwiftPackageProductDependency;
			productName = SharedModels;
		};
		78BCBD952D366E780075CEC0 /* SharedModels */ = {
			isa = XCSwiftPackageProductDependency;
			productName = SharedModels;
		};
		78BCBDEE2D36EE090075CEC0 /* RevenueCat */ = {
			isa = XCSwiftPackageProductDependency;
			package = 78BCBDED2D36EE090075CEC0 /* XCRemoteSwiftPackageReference "purchases-ios-spm" */;
			productName = RevenueCat;
		};
		78BCBDF02D36EE090075CEC0 /* RevenueCatUI */ = {
			isa = XCSwiftPackageProductDependency;
			package = 78BCBDED2D36EE090075CEC0 /* XCRemoteSwiftPackageReference "purchases-ios-spm" */;
			productName = RevenueCatUI;
		};
		78FAADA42D71EAAE0093A704 /* SharedModels */ = {
			isa = XCSwiftPackageProductDependency;
			package = 78BCBD942D366E780075CEC0 /* XCLocalSwiftPackageReference "SharedModels" */;
			productName = SharedModels;
		};
/* End XCSwiftPackageProductDependency section */
	};
	rootObject = 78B0255F2D35424100E70B4C /* Project object */;
}
